
Microsoft Visual Studio Solution File, Format Version 12.00
# Visual Studio Version 16
VisualStudioVersion = 16.0.29306.81
MinimumVisualStudioVersion = 10.0.40219.1
Project("{8BC9CEB8-8B4A-11D0-8D11-00A0C91BC942}") = "GDW_Y2 - BF PJT", "GDW_Y2 - BF PJT.vcxproj", "{AF266FB8-51AE-492C-963B-51A1DBE725C8}"
EndProject
Global
	GlobalSection(SolutionConfigurationPlatforms) = preSolution
		Debug|x64 = Debug|x64
		Release|x64 = Release|x64
	EndGlobalSection
	GlobalSection(ProjectConfigurationPlatforms) = postSolution
		{AF266FB8-51AE-492C-963B-51A1DBE725C8}.Debug|x64.ActiveCfg = Debug|x64
		{AF266FB8-51AE-492C-963B-51A1DBE725C8}.Debug|x64.Build.0 = Debug|x64
		{AF266FB8-51AE-492C-963B-51A1DBE725C8}.Release|x64.ActiveCfg = Release|x64
		{AF266FB8-51AE-492C-963B-51A1DBE725C8}.Release|x64.Build.0 = Release|x64
	EndGlobalSection
	GlobalSection(SolutionProperties) = preSolution
		HideSolutionNode = FALSE
	EndGlobalSection
	GlobalSection(ExtensibilityGlobals) = postSolution
		SolutionGuid = {D3FDB395-2BDB-47ED-8EFA-3084F8A8B13C}
	EndGlobalSection
EndGlobal
